
Microsoft Visual Studio Solution File, Format Version 12.00
Project("{2150E333-8FDC-42A3-9474-1A3956D46DE8}") = "src", "src", "{45DB52C5-6921-43B7-AB93-DE3AB9C2BBFC}"
EndProject
Project("{FAE04EC0-301F-11D3-BF4B-00C04F79EFBC}") = "UPay.Application", "src\UPay.Application\UPay.Application.csproj", "{3BB56EDE-B9A9-4615-BED5-C0E48BD046F0}"
EndProject
Project("{FAE04EC0-301F-11D3-BF4B-00C04F79EFBC}") = "UPay.Web.Api", "src\UPay.Web.Api\UPay.Web.Api.csproj", "{2ED51B51-24A0-40A4-A298-CED28C0E814E}"
EndProject
Project("{FAE04EC0-301F-11D3-BF4B-00C04F79EFBC}") = "UPay.Domain", "src\UPay.Domain\UPay.Domain.csproj", "{F513B640-1926-4476-B48E-B678FFA947BB}"
EndProject
Project("{FAE04EC0-301F-11D3-BF4B-00C04F79EFBC}") = "UPay.DataAccess", "src\UPay.DataAccess\UPay.DataAccess.csproj", "{30B6D5AA-D91A-4777-AC2E-51E26C2BF508}"
EndProject
Project("{2150E333-8FDC-42A3-9474-1A3956D46DE8}") = "test", "test", "{94712F22-AD6B-430B-8A2E-7D93A419103D}"
EndProject
Project("{FAE04EC0-301F-11D3-BF4B-00C04F79EFBC}") = "UPay.Test.Application", "test\UPay.Test.Application\UPay.Test.Application.csproj", "{E465B00B-7693-4D8D-ABEA-5A92B4E63426}"
EndProject
Project("{FAE04EC0-301F-11D3-BF4B-00C04F79EFBC}") = "UPay.Test.Web.Api", "test\UPay.Test.Web.Api\UPay.Test.Web.Api.csproj", "{94AE22D0-AE51-4E19-9D90-4274741A5F81}"
EndProject
Project("{FAE04EC0-301F-11D3-BF4B-00C04F79EFBC}") = "UPay.Test.Shared", "test\UPay.Test.Shared\UPay.Test.Shared.csproj", "{29FCBB67-39F4-4161-8FEC-8F7482790755}"
EndProject
Project("{FAE04EC0-301F-11D3-BF4B-00C04F79EFBC}") = "UPay.Test.Integration", "test\UPay.Test.Integration\UPay.Test.Integration.csproj", "{690379D2-3CDD-4456-A85F-610A4447B3D2}"
EndProject
Global
	GlobalSection(SolutionConfigurationPlatforms) = preSolution
		Debug|Any CPU = Debug|Any CPU
		Release|Any CPU = Release|Any CPU
	EndGlobalSection
	GlobalSection(ProjectConfigurationPlatforms) = postSolution
		{3BB56EDE-B9A9-4615-BED5-C0E48BD046F0}.Debug|Any CPU.ActiveCfg = Debug|Any CPU
		{3BB56EDE-B9A9-4615-BED5-C0E48BD046F0}.Debug|Any CPU.Build.0 = Debug|Any CPU
		{3BB56EDE-B9A9-4615-BED5-C0E48BD046F0}.Release|Any CPU.ActiveCfg = Release|Any CPU
		{3BB56EDE-B9A9-4615-BED5-C0E48BD046F0}.Release|Any CPU.Build.0 = Release|Any CPU
		{2ED51B51-24A0-40A4-A298-CED28C0E814E}.Debug|Any CPU.ActiveCfg = Debug|Any CPU
		{2ED51B51-24A0-40A4-A298-CED28C0E814E}.Debug|Any CPU.Build.0 = Debug|Any CPU
		{2ED51B51-24A0-40A4-A298-CED28C0E814E}.Release|Any CPU.ActiveCfg = Release|Any CPU
		{2ED51B51-24A0-40A4-A298-CED28C0E814E}.Release|Any CPU.Build.0 = Release|Any CPU
		{F513B640-1926-4476-B48E-B678FFA947BB}.Debug|Any CPU.ActiveCfg = Debug|Any CPU
		{F513B640-1926-4476-B48E-B678FFA947BB}.Debug|Any CPU.Build.0 = Debug|Any CPU
		{F513B640-1926-4476-B48E-B678FFA947BB}.Release|Any CPU.ActiveCfg = Release|Any CPU
		{F513B640-1926-4476-B48E-B678FFA947BB}.Release|Any CPU.Build.0 = Release|Any CPU
		{30B6D5AA-D91A-4777-AC2E-51E26C2BF508}.Debug|Any CPU.ActiveCfg = Debug|Any CPU
		{30B6D5AA-D91A-4777-AC2E-51E26C2BF508}.Debug|Any CPU.Build.0 = Debug|Any CPU
		{30B6D5AA-D91A-4777-AC2E-51E26C2BF508}.Release|Any CPU.ActiveCfg = Release|Any CPU
		{30B6D5AA-D91A-4777-AC2E-51E26C2BF508}.Release|Any CPU.Build.0 = Release|Any CPU
		{E465B00B-7693-4D8D-ABEA-5A92B4E63426}.Debug|Any CPU.ActiveCfg = Debug|Any CPU
		{E465B00B-7693-4D8D-ABEA-5A92B4E63426}.Debug|Any CPU.Build.0 = Debug|Any CPU
		{E465B00B-7693-4D8D-ABEA-5A92B4E63426}.Release|Any CPU.ActiveCfg = Release|Any CPU
		{E465B00B-7693-4D8D-ABEA-5A92B4E63426}.Release|Any CPU.Build.0 = Release|Any CPU
		{94AE22D0-AE51-4E19-9D90-4274741A5F81}.Debug|Any CPU.ActiveCfg = Debug|Any CPU
		{94AE22D0-AE51-4E19-9D90-4274741A5F81}.Debug|Any CPU.Build.0 = Debug|Any CPU
		{94AE22D0-AE51-4E19-9D90-4274741A5F81}.Release|Any CPU.ActiveCfg = Release|Any CPU
		{94AE22D0-AE51-4E19-9D90-4274741A5F81}.Release|Any CPU.Build.0 = Release|Any CPU
		{29FCBB67-39F4-4161-8FEC-8F7482790755}.Debug|Any CPU.ActiveCfg = Debug|Any CPU
		{29FCBB67-39F4-4161-8FEC-8F7482790755}.Debug|Any CPU.Build.0 = Debug|Any CPU
		{29FCBB67-39F4-4161-8FEC-8F7482790755}.Release|Any CPU.ActiveCfg = Release|Any CPU
		{29FCBB67-39F4-4161-8FEC-8F7482790755}.Release|Any CPU.Build.0 = Release|Any CPU
		{690379D2-3CDD-4456-A85F-610A4447B3D2}.Debug|Any CPU.ActiveCfg = Debug|Any CPU
		{690379D2-3CDD-4456-A85F-610A4447B3D2}.Debug|Any CPU.Build.0 = Debug|Any CPU
		{690379D2-3CDD-4456-A85F-610A4447B3D2}.Release|Any CPU.ActiveCfg = Release|Any CPU
		{690379D2-3CDD-4456-A85F-610A4447B3D2}.Release|Any CPU.Build.0 = Release|Any CPU
	EndGlobalSection
	GlobalSection(NestedProjects) = preSolution
		{3BB56EDE-B9A9-4615-BED5-C0E48BD046F0} = {45DB52C5-6921-43B7-AB93-DE3AB9C2BBFC}
		{2ED51B51-24A0-40A4-A298-CED28C0E814E} = {45DB52C5-6921-43B7-AB93-DE3AB9C2BBFC}
		{F513B640-1926-4476-B48E-B678FFA947BB} = {45DB52C5-6921-43B7-AB93-DE3AB9C2BBFC}
		{30B6D5AA-D91A-4777-AC2E-51E26C2BF508} = {45DB52C5-6921-43B7-AB93-DE3AB9C2BBFC}
		{E465B00B-7693-4D8D-ABEA-5A92B4E63426} = {94712F22-AD6B-430B-8A2E-7D93A419103D}
		{94AE22D0-AE51-4E19-9D90-4274741A5F81} = {94712F22-AD6B-430B-8A2E-7D93A419103D}
		{29FCBB67-39F4-4161-8FEC-8F7482790755} = {94712F22-AD6B-430B-8A2E-7D93A419103D}
		{690379D2-3CDD-4456-A85F-610A4447B3D2} = {94712F22-AD6B-430B-8A2E-7D93A419103D}
	EndGlobalSection
EndGlobal
